
Microsoft Visual Studio Solution File, Format Version 12.00
# Visual Studio Version 16
VisualStudioVersion = 16.0.28803.156
MinimumVisualStudioVersion = 10.0.40219.1
Project("{FAE04EC0-301F-11D3-BF4B-00C04F79EFBC}") = "ASPConfigEncryptionMananger", "ASPConfigEncryptionMananger\ASPConfigEncryptionMananger.csproj", "{77852BE0-999E-43F7-9A8E-3D003FC22318}"
EndProject
Global
	GlobalSection(SolutionConfigurationPlatforms) = preSolution
		Debug|Any CPU = Debug|Any CPU
		Release|Any CPU = Release|Any CPU
	EndGlobalSection
	GlobalSection(ProjectConfigurationPlatforms) = postSolution
		{77852BE0-999E-43F7-9A8E-3D003FC22318}.Debug|Any CPU.ActiveCfg = Debug|Any CPU
		{77852BE0-999E-43F7-9A8E-3D003FC22318}.Debug|Any CPU.Build.0 = Debug|Any CPU
		{77852BE0-999E-43F7-9A8E-3D003FC22318}.Release|Any CPU.ActiveCfg = Release|Any CPU
		{77852BE0-999E-43F7-9A8E-3D003FC22318}.Release|Any CPU.Build.0 = Release|Any CPU
	EndGlobalSection
	GlobalSection(SolutionProperties) = preSolution
		HideSolutionNode = FALSE
	EndGlobalSection
	GlobalSection(ExtensibilityGlobals) = postSolution
		SolutionGuid = {ED3141A5-7B07-49E3-B91F-AC25C819451E}
	EndGlobalSection
EndGlobal
